
Microsoft Visual Studio Solution File, Format Version 12.00
# Visual Studio Version 16
VisualStudioVersion = 16.0.29709.97
MinimumVisualStudioVersion = 10.0.40219.1
Project("{8BC9CEB8-8B4A-11D0-8D11-00A0C91BC942}") = "LuaPlugin", "Plugin.vcxproj", "{0AE26B86-29C6-4FD8-B992-4E18B02DCBAB}"
EndProject
Project("{8BC9CEB8-8B4A-11D0-8D11-00A0C91BC942}") = "Lua", "Lua\Lua.vcxproj", "{EF34CA18-BE11-427E-AF51-F99AA55B5060}"
EndProject
Project("{8BC9CEB8-8B4A-11D0-8D11-00A0C91BC942}") = "MinHook", "MinHook\MinHook.vcxproj", "{C17E93D8-DEAF-4A36-8621-44828616B2AD}"
EndProject
Global
	GlobalSection(SolutionConfigurationPlatforms) = preSolution
		Debug|x64 = Debug|x64
		Debug|x86 = Debug|x86
		Release|x64 = Release|x64
		Release|x86 = Release|x86
	EndGlobalSection
	GlobalSection(ProjectConfigurationPlatforms) = postSolution
		{0AE26B86-29C6-4FD8-B992-4E18B02DCBAB}.Debug|x64.ActiveCfg = Debug|x64
		{0AE26B86-29C6-4FD8-B992-4E18B02DCBAB}.Debug|x64.Build.0 = Debug|x64
		{0AE26B86-29C6-4FD8-B992-4E18B02DCBAB}.Debug|x86.ActiveCfg = Debug|x64
		{0AE26B86-29C6-4FD8-B992-4E18B02DCBAB}.Release|x64.ActiveCfg = Release|x64
		{0AE26B86-29C6-4FD8-B992-4E18B02DCBAB}.Release|x64.Build.0 = Release|x64
		{0AE26B86-29C6-4FD8-B992-4E18B02DCBAB}.Release|x86.ActiveCfg = Release|x64
		{EF34CA18-BE11-427E-AF51-F99AA55B5060}.Debug|x64.ActiveCfg = Debug|x64
		{EF34CA18-BE11-427E-AF51-F99AA55B5060}.Debug|x64.Build.0 = Debug|x64
		{EF34CA18-BE11-427E-AF51-F99AA55B5060}.Debug|x86.ActiveCfg = Debug|Win32
		{EF34CA18-BE11-427E-AF51-F99AA55B5060}.Debug|x86.Build.0 = Debug|Win32
		{EF34CA18-BE11-427E-AF51-F99AA55B5060}.Release|x64.ActiveCfg = Release|x64
		{EF34CA18-BE11-427E-AF51-F99AA55B5060}.Release|x64.Build.0 = Release|x64
		{EF34CA18-BE11-427E-AF51-F99AA55B5060}.Release|x86.ActiveCfg = Release|Win32
		{EF34CA18-BE11-427E-AF51-F99AA55B5060}.Release|x86.Build.0 = Release|Win32
		{C17E93D8-DEAF-4A36-8621-44828616B2AD}.Debug|x64.ActiveCfg = Debug|x64
		{C17E93D8-DEAF-4A36-8621-44828616B2AD}.Debug|x64.Build.0 = Debug|x64
		{C17E93D8-DEAF-4A36-8621-44828616B2AD}.Debug|x86.ActiveCfg = Debug|Win32
		{C17E93D8-DEAF-4A36-8621-44828616B2AD}.Debug|x86.Build.0 = Debug|Win32
		{C17E93D8-DEAF-4A36-8621-44828616B2AD}.Release|x64.ActiveCfg = Release|x64
		{C17E93D8-DEAF-4A36-8621-44828616B2AD}.Release|x64.Build.0 = Release|x64
		{C17E93D8-DEAF-4A36-8621-44828616B2AD}.Release|x86.ActiveCfg = Release|Win32
		{C17E93D8-DEAF-4A36-8621-44828616B2AD}.Release|x86.Build.0 = Release|Win32
	EndGlobalSection
	GlobalSection(SolutionProperties) = preSolution
		HideSolutionNode = FALSE
	EndGlobalSection
	GlobalSection(ExtensibilityGlobals) = postSolution
		SolutionGuid = {076A9D64-CB5F-4FFD-B755-8B41E2DA5563}
	EndGlobalSection
EndGlobal
